{
  "name": "film-grain",
  "version": "1.0.0",
  "lockfileVersion": 2,
  "requires": true,
  "packages": {
    "": {
      "name": "film-grain",
      "version": "1.0.0",
      "license": "ISC",
      "dependencies": {
        "twgl.js": "^4.21.2"
      }
    },
    "node_modules/twgl.js": {
      "version": "4.21.2",
      "resolved": "https://registry.npmjs.org/twgl.js/-/twgl.js-4.21.2.tgz",
      "integrity": "sha512-VY7FEbmaXwsfHLCGYBpvlOClSZWlTPyv2d8dc/Yt7IJMiNOOBMBl+t0xLIrzO/e1fH6Co1Dd7xdvSIoq07oDfQ=="
    }
  },
  "dependencies": {
    "twgl.js": {
      "version": "4.21.2",
      "resolved": "https://registry.npmjs.org/twgl.js/-/twgl.js-4.21.2.tgz",
      "integrity": "sha512-VY7FEbmaXwsfHLCGYBpvlOClSZWlTPyv2d8dc/Yt7IJMiNOOBMBl+t0xLIrzO/e1fH6Co1Dd7xdvSIoq07oDfQ=="
    }
  }
}
